
Microsoft Visual Studio Solution File, Format Version 12.00
# Visual Studio 2015
Project("{FAE04EC0-301F-11D3-BF4B-00C04F79EFBC}") = "Boderlance.CSharp.Plugins", "Boderlance.CSharp.Plugins.csproj", "{C233149D-731D-692E-15AE-A0C074888850}"
EndProject
Project("{FAE04EC0-301F-11D3-BF4B-00C04F79EFBC}") = "Boderlance.CSharp", "Boderlance.CSharp.csproj", "{A260CE57-5D3E-2DAD-8CE6-5C7A8BF1BD09}"
EndProject
Project("{FAE04EC0-301F-11D3-BF4B-00C04F79EFBC}") = "Boderlance.CSharp.Editor", "Boderlance.CSharp.Editor.csproj", "{4DF9FEE3-96DE-6E12-CFBD-BDAEAF87FCB5}"
EndProject
Global
	GlobalSection(SolutionConfigurationPlatforms) = preSolution
		Debug|Any CPU = Debug|Any CPU
		Release|Any CPU = Release|Any CPU
	EndGlobalSection
	GlobalSection(ProjectConfigurationPlatforms) = postSolution
		{C233149D-731D-692E-15AE-A0C074888850}.Debug|Any CPU.ActiveCfg = Debug|Any CPU
		{C233149D-731D-692E-15AE-A0C074888850}.Debug|Any CPU.Build.0 = Debug|Any CPU
		{C233149D-731D-692E-15AE-A0C074888850}.Release|Any CPU.ActiveCfg = Release|Any CPU
		{C233149D-731D-692E-15AE-A0C074888850}.Release|Any CPU.Build.0 = Release|Any CPU
		{A260CE57-5D3E-2DAD-8CE6-5C7A8BF1BD09}.Debug|Any CPU.ActiveCfg = Debug|Any CPU
		{A260CE57-5D3E-2DAD-8CE6-5C7A8BF1BD09}.Debug|Any CPU.Build.0 = Debug|Any CPU
		{A260CE57-5D3E-2DAD-8CE6-5C7A8BF1BD09}.Release|Any CPU.ActiveCfg = Release|Any CPU
		{A260CE57-5D3E-2DAD-8CE6-5C7A8BF1BD09}.Release|Any CPU.Build.0 = Release|Any CPU
		{4DF9FEE3-96DE-6E12-CFBD-BDAEAF87FCB5}.Debug|Any CPU.ActiveCfg = Debug|Any CPU
		{4DF9FEE3-96DE-6E12-CFBD-BDAEAF87FCB5}.Debug|Any CPU.Build.0 = Debug|Any CPU
		{4DF9FEE3-96DE-6E12-CFBD-BDAEAF87FCB5}.Release|Any CPU.ActiveCfg = Release|Any CPU
		{4DF9FEE3-96DE-6E12-CFBD-BDAEAF87FCB5}.Release|Any CPU.Build.0 = Release|Any CPU
	EndGlobalSection
	GlobalSection(SolutionProperties) = preSolution
		HideSolutionNode = FALSE
	EndGlobalSection
EndGlobal
